
Microsoft Visual Studio Solution File, Format Version 12.00
# Visual Studio Version 17
VisualStudioVersion = 17.11.35327.3
MinimumVisualStudioVersion = 10.0.40219.1
Project("{8BC9CEB8-8B4A-11D0-8D11-00A0C91BC942}") = "lab1", "lab1\lab1.vcxproj", "{0F9EA036-22EE-4DF6-9002-C29009A37CF8}"
EndProject
Project("{8BC9CEB8-8B4A-11D0-8D11-00A0C91BC942}") = "fibonacci", "fibonacci\fibonacci.vcxproj", "{62D02FDF-A44C-4A1A-BCC0-6F4AD1E36136}"
EndProject
Global
	GlobalSection(SolutionConfigurationPlatforms) = preSolution
		Debug|x64 = Debug|x64
		Debug|x86 = Debug|x86
		Release|x64 = Release|x64
		Release|x86 = Release|x86
	EndGlobalSection
	GlobalSection(ProjectConfigurationPlatforms) = postSolution
		{0F9EA036-22EE-4DF6-9002-C29009A37CF8}.Debug|x64.ActiveCfg = Debug|x64
		{0F9EA036-22EE-4DF6-9002-C29009A37CF8}.Debug|x64.Build.0 = Debug|x64
		{0F9EA036-22EE-4DF6-9002-C29009A37CF8}.Debug|x86.ActiveCfg = Debug|Win32
		{0F9EA036-22EE-4DF6-9002-C29009A37CF8}.Debug|x86.Build.0 = Debug|Win32
		{0F9EA036-22EE-4DF6-9002-C29009A37CF8}.Release|x64.ActiveCfg = Release|x64
		{0F9EA036-22EE-4DF6-9002-C29009A37CF8}.Release|x64.Build.0 = Release|x64
		{0F9EA036-22EE-4DF6-9002-C29009A37CF8}.Release|x86.ActiveCfg = Release|Win32
		{0F9EA036-22EE-4DF6-9002-C29009A37CF8}.Release|x86.Build.0 = Release|Win32
		{62D02FDF-A44C-4A1A-BCC0-6F4AD1E36136}.Debug|x64.ActiveCfg = Debug|x64
		{62D02FDF-A44C-4A1A-BCC0-6F4AD1E36136}.Debug|x64.Build.0 = Debug|x64
		{62D02FDF-A44C-4A1A-BCC0-6F4AD1E36136}.Debug|x86.ActiveCfg = Debug|Win32
		{62D02FDF-A44C-4A1A-BCC0-6F4AD1E36136}.Debug|x86.Build.0 = Debug|Win32
		{62D02FDF-A44C-4A1A-BCC0-6F4AD1E36136}.Release|x64.ActiveCfg = Release|x64
		{62D02FDF-A44C-4A1A-BCC0-6F4AD1E36136}.Release|x64.Build.0 = Release|x64
		{62D02FDF-A44C-4A1A-BCC0-6F4AD1E36136}.Release|x86.ActiveCfg = Release|Win32
		{62D02FDF-A44C-4A1A-BCC0-6F4AD1E36136}.Release|x86.Build.0 = Release|Win32
	EndGlobalSection
	GlobalSection(SolutionProperties) = preSolution
		HideSolutionNode = FALSE
	EndGlobalSection
	GlobalSection(ExtensibilityGlobals) = postSolution
		SolutionGuid = {3F4644BB-B2ED-4A6E-A9D2-A27DDEE0C552}
	EndGlobalSection
EndGlobal
